{
  "nodes": {
    "bundix-src": {
      "flake": false,
      "locked": {
        "lastModified": 1769141478,
        "narHash": "sha256-dCs1rWZGHlzvKjhi8BtTQlVrUYD8EtGbdq2myKl8jXE=",
        "ref": "master",
        "rev": "5ad5440ec5bd812407cf301d1612edbadfb2a016",
        "revCount": 131,
        "type": "git",
        "url": "https://github.com/glenndavy/bundix"
      },
      "original": {
        "ref": "master",
        "type": "git",
        "url": "https://github.com/glenndavy/bundix"
      }
    },
    "flake-compat": {
      "flake": false,
      "locked": {
        "lastModified": 1767039857,
        "narHash": "sha256-vNpUSpF5Nuw8xvDLj2KCwwksIbjua2LZCqhV1LNRDns=",
        "ref": "master",
        "rev": "5edf11c44bc78a0d334f6334cdaf7d60d732daab",
        "revCount": 91,
        "type": "git",
        "url": "https://github.com/edolstra/flake-compat"
      },
      "original": {
        "ref": "master",
        "type": "git",
        "url": "https://github.com/edolstra/flake-compat"
      }
    },
    "flake-utils": {
      "inputs": {
        "systems": [
          "systems"
        ]
      },
      "locked": {
        "lastModified": 1731533236,
        "narHash": "sha256-l0KFg5HjrsfsO/JpG+r7fRrqm12kzFHyUHqHCVpMMbI=",
        "ref": "main",
        "rev": "11707dc2f618dd54ca8739b309ec4fc024de578b",
        "revCount": 102,
        "type": "git",
        "url": "https://github.com/numtide/flake-utils"
      },
      "original": {
        "ref": "main",
        "type": "git",
        "url": "https://github.com/numtide/flake-utils"
      }
    },
    "nixpkgs": {
      "locked": {
        "lastModified": 1778869304,
        "narHash": "sha256-30sZNZoA1cqF5JNO9fVX+wgiQYjB7HJqqJ4ztCDeBZE=",
        "type": "tarball",
        "url": "https://github.com/NixOS/nixpkgs/archive/d233902339c02a9c334e7e593de68855ad26c4cb.tar.gz"
      },
      "original": {
        "type": "tarball",
        "url": "https://github.com/NixOS/nixpkgs/archive/d233902339c02a9c334e7e593de68855ad26c4cb.tar.gz"
      }
    },
    "nixpkgs-ruby": {
      "inputs": {
        "flake-compat": [
          "flake-compat"
        ],
        "flake-utils": [
          "flake-utils"
        ],
        "nixpkgs": [
          "nixpkgs"
        ]
      },
      "locked": {
        "lastModified": 1785917952,
        "narHash": "sha256-BHK+PqPt+x12sFyicFklryZxr8Q/UPilidJuTqtVAGc=",
        "ref": "master",
        "rev": "c3941c512d0d992c2c12527e2fb4da4053907fb8",
        "revCount": 604,
        "type": "git",
        "url": "https://github.com/bobvanderlinden/nixpkgs-ruby"
      },
      "original": {
        "ref": "master",
        "type": "git",
        "url": "https://github.com/bobvanderlinden/nixpkgs-ruby"
      }
    },
    "root": {
      "inputs": {
        "bundix-src": "bundix-src",
        "flake-compat": "flake-compat",
        "flake-utils": "flake-utils",
        "nixpkgs": "nixpkgs",
        "nixpkgs-ruby": "nixpkgs-ruby",
        "systems": "systems"
      }
    },
    "systems": {
      "locked": {
        "lastModified": 1681028828,
        "narHash": "sha256-Vy1rq5AaRuLzOxct8nz4T6wlgyUR7zLU309k9mBC768=",
        "ref": "main",
        "rev": "da67096a3b9bf56a91d16901293e51ba5b49a27e",
        "revCount": 3,
        "type": "git",
        "url": "https://github.com/nix-systems/default"
      },
      "original": {
        "ref": "main",
        "type": "git",
        "url": "https://github.com/nix-systems/default"
      }
    }
  },
  "root": "root",
  "version": 7
}
