{
  "nodes": {
    "bundix-src": {
      "flake": false,
      "locked": {
        "lastModified": 1769141478,
        "narHash": "sha256-dCs1rWZGHlzvKjhi8BtTQlVrUYD8EtGbdq2myKl8jXE=",
        "owner": "glenndavy",
        "repo": "bundix",
        "rev": "5ad5440ec5bd812407cf301d1612edbadfb2a016",
        "type": "github"
      },
      "original": {
        "owner": "glenndavy",
        "repo": "bundix",
        "type": "github"
      }
    },
    "flake-compat": {
      "flake": false,
      "locked": {
        "lastModified": 1747046372,
        "narHash": "sha256-CIVLLkVgvHYbgI2UpXvIIBJ12HWgX+fjA8Xf8PUmqCY=",
        "owner": "edolstra",
        "repo": "flake-compat",
        "rev": "9100a0f413b0c601e0533d1d94ffd501ce2e7885",
        "type": "github"
      },
      "original": {
        "owner": "edolstra",
        "repo": "flake-compat",
        "type": "github"
      }
    },
    "flake-utils": {
      "inputs": {
        "systems": "systems"
      },
      "locked": {
        "lastModified": 1731533236,
        "narHash": "sha256-l0KFg5HjrsfsO/JpG+r7fRrqm12kzFHyUHqHCVpMMbI=",
        "owner": "numtide",
        "repo": "flake-utils",
        "rev": "11707dc2f618dd54ca8739b309ec4fc024de578b",
        "type": "github"
      },
      "original": {
        "owner": "numtide",
        "repo": "flake-utils",
        "type": "github"
      }
    },
    "nixpkgs": {
      "locked": {
        "lastModified": 1769018530,
        "narHash": "sha256-MJ27Cy2NtBEV5tsK+YraYr2g851f3Fl1LpNHDzDX15c=",
        "owner": "NixOS",
        "repo": "nixpkgs",
        "rev": "88d3861acdd3d2f0e361767018218e51810df8a1",
        "type": "github"
      },
      "original": {
        "owner": "NixOS",
        "ref": "nixos-unstable",
        "repo": "nixpkgs",
        "type": "github"
      }
    },
    "nixpkgs-ruby": {
      "inputs": {
        "flake-compat": "flake-compat",
        "flake-utils": "flake-utils",
        "nixpkgs": [
          "nixpkgs"
        ]
      },
      "locked": {
        "lastModified": 1768456329,
        "narHash": "sha256-WZUF92DgJqF30fIuq4cHj+X3NdlgrJxrMoeaMLfdN6U=",
        "owner": "bobvanderlinden",
        "repo": "nixpkgs-ruby",
        "rev": "6e48fd5e0218b9fe70dab829228c5221c98eac19",
        "type": "github"
      },
      "original": {
        "owner": "bobvanderlinden",
        "repo": "nixpkgs-ruby",
        "type": "github"
      }
    },
    "root": {
      "inputs": {
        "bundix-src": "bundix-src",
        "nixpkgs": "nixpkgs",
        "nixpkgs-ruby": "nixpkgs-ruby",
        "src": "src"
      }
    },
    "src": {
      "flake": false,
      "locked": {
        "path": ".",
        "type": "path"
      },
      "original": {
        "path": ".",
        "type": "path"
      },
      "parent": []
    },
    "systems": {
      "locked": {
        "lastModified": 1681028828,
        "narHash": "sha256-Vy1rq5AaRuLzOxct8nz4T6wlgyUR7zLU309k9mBC768=",
        "owner": "nix-systems",
        "repo": "default",
        "rev": "da67096a3b9bf56a91d16901293e51ba5b49a27e",
        "type": "github"
      },
      "original": {
        "owner": "nix-systems",
        "repo": "default",
        "type": "github"
      }
    }
  },
  "root": "root",
  "version": 7
}
